
Microsoft Visual Studio Solution File, Format Version 12.00
# Visual Studio Version 17
VisualStudioVersion = 17.14.36811.4 d17.14
MinimumVisualStudioVersion = 10.0.40219.1
Project("{FAE04EC0-301F-11D3-BF4B-00C04F79EFBC}") = "Dem1", "Dem1.csproj", "{451C98CD-A0EF-4420-9529-117CC6F19A8A}"
EndProject
Global
	GlobalSection(SolutionConfigurationPlatforms) = preSolution
		Debug|Any CPU = Debug|Any CPU
		Release|Any CPU = Release|Any CPU
	EndGlobalSection
	GlobalSection(ProjectConfigurationPlatforms) = postSolution
		{451C98CD-A0EF-4420-9529-117CC6F19A8A}.Debug|Any CPU.ActiveCfg = Debug|Any CPU
		{451C98CD-A0EF-4420-9529-117CC6F19A8A}.Debug|Any CPU.Build.0 = Debug|Any CPU
		{451C98CD-A0EF-4420-9529-117CC6F19A8A}.Release|Any CPU.ActiveCfg = Release|Any CPU
		{451C98CD-A0EF-4420-9529-117CC6F19A8A}.Release|Any CPU.Build.0 = Release|Any CPU
	EndGlobalSection
	GlobalSection(SolutionProperties) = preSolution
		HideSolutionNode = FALSE
	EndGlobalSection
	GlobalSection(ExtensibilityGlobals) = postSolution
		SolutionGuid = {8FB4110D-5B79-45F1-9F69-30901F80F345}
	EndGlobalSection
EndGlobal
